
Microsoft Visual Studio Solution File, Format Version 12.00
# Visual Studio Version 17
VisualStudioVersion = 17.11.35208.52
MinimumVisualStudioVersion = 10.0.40219.1
Project("{8BC9CEB8-8B4A-11D0-8D11-00A0C91BC942}") = "Abandoned", "Abandoned\Abandoned.vcxproj", "{627475B4-5FE1-417A-B0E7-510830C5D0EC}"
EndProject
Global
	GlobalSection(SolutionConfigurationPlatforms) = preSolution
		Debug|x64 = Debug|x64
		Debug|x86 = Debug|x86
		Release|x64 = Release|x64
		Release|x86 = Release|x86
	EndGlobalSection
	GlobalSection(ProjectConfigurationPlatforms) = postSolution
		{627475B4-5FE1-417A-B0E7-510830C5D0EC}.Debug|x64.ActiveCfg = Debug|x64
		{627475B4-5FE1-417A-B0E7-510830C5D0EC}.Debug|x64.Build.0 = Debug|x64
		{627475B4-5FE1-417A-B0E7-510830C5D0EC}.Debug|x86.ActiveCfg = Debug|Win32
		{627475B4-5FE1-417A-B0E7-510830C5D0EC}.Debug|x86.Build.0 = Debug|Win32
		{627475B4-5FE1-417A-B0E7-510830C5D0EC}.Release|x64.ActiveCfg = Release|x64
		{627475B4-5FE1-417A-B0E7-510830C5D0EC}.Release|x64.Build.0 = Release|x64
		{627475B4-5FE1-417A-B0E7-510830C5D0EC}.Release|x86.ActiveCfg = Release|Win32
		{627475B4-5FE1-417A-B0E7-510830C5D0EC}.Release|x86.Build.0 = Release|Win32
	EndGlobalSection
	GlobalSection(SolutionProperties) = preSolution
		HideSolutionNode = FALSE
	EndGlobalSection
	GlobalSection(ExtensibilityGlobals) = postSolution
		SolutionGuid = {341E87D7-695F-4978-9B8E-13F33CBE2D46}
	EndGlobalSection
EndGlobal
